
Microsoft Visual Studio Solution File, Format Version 12.00
# Visual Studio 15
VisualStudioVersion = 15.0.27130.2010
MinimumVisualStudioVersion = 10.0.40219.1
Project("{F2A71F9B-5D33-465A-A702-920D77279786}") = "FCoreTestApp", "FCoreTestApp\FCoreTestApp.fsproj", "{B613A6EF-2C7F-4FA5-BD11-4437287556FB}"
EndProject
Global
	GlobalSection(SolutionConfigurationPlatforms) = preSolution
		Debug|Any CPU = Debug|Any CPU
		Release|Any CPU = Release|Any CPU
	EndGlobalSection
	GlobalSection(ProjectConfigurationPlatforms) = postSolution
		{B613A6EF-2C7F-4FA5-BD11-4437287556FB}.Debug|Any CPU.ActiveCfg = Debug|Any CPU
		{B613A6EF-2C7F-4FA5-BD11-4437287556FB}.Debug|Any CPU.Build.0 = Debug|Any CPU
		{B613A6EF-2C7F-4FA5-BD11-4437287556FB}.Release|Any CPU.ActiveCfg = Release|Any CPU
		{B613A6EF-2C7F-4FA5-BD11-4437287556FB}.Release|Any CPU.Build.0 = Release|Any CPU
	EndGlobalSection
	GlobalSection(SolutionProperties) = preSolution
		HideSolutionNode = FALSE
	EndGlobalSection
	GlobalSection(ExtensibilityGlobals) = postSolution
		SolutionGuid = {3CD2FF84-AFC6-4B82-B116-68E16FE4DF3E}
	EndGlobalSection
EndGlobal
