
Microsoft Visual Studio Solution File, Format Version 12.00
# Visual Studio Express 2012 for Web
Project("{FAE04EC0-301F-11D3-BF4B-00C04F79EFBC}") = "Forecast", "Forecast\Forecast.csproj", "{99495486-9FD1-4E7A-97A0-78CF1067B5F5}"
EndProject
Global
	GlobalSection(SolutionConfigurationPlatforms) = preSolution
		Debug|Any CPU = Debug|Any CPU
		Release|Any CPU = Release|Any CPU
	EndGlobalSection
	GlobalSection(ProjectConfigurationPlatforms) = postSolution
		{99495486-9FD1-4E7A-97A0-78CF1067B5F5}.Debug|Any CPU.ActiveCfg = Debug|Any CPU
		{99495486-9FD1-4E7A-97A0-78CF1067B5F5}.Debug|Any CPU.Build.0 = Debug|Any CPU
		{99495486-9FD1-4E7A-97A0-78CF1067B5F5}.Release|Any CPU.ActiveCfg = Release|Any CPU
		{99495486-9FD1-4E7A-97A0-78CF1067B5F5}.Release|Any CPU.Build.0 = Release|Any CPU
	EndGlobalSection
	GlobalSection(SolutionProperties) = preSolution
		HideSolutionNode = FALSE
	EndGlobalSection
EndGlobal
