
Microsoft Visual Studio Solution File, Format Version 12.00
# Visual Studio Express 2012 for Web
Project("{FAE04EC0-301F-11D3-BF4B-00C04F79EFBC}") = "ForecastsSport", "ForecastsSport\ForecastsSport.csproj", "{E405E441-A544-4F1D-84B9-B76CC4B90275}"
EndProject
Global
	GlobalSection(SolutionConfigurationPlatforms) = preSolution
		Debug|Any CPU = Debug|Any CPU
		Release|Any CPU = Release|Any CPU
	EndGlobalSection
	GlobalSection(ProjectConfigurationPlatforms) = postSolution
		{E405E441-A544-4F1D-84B9-B76CC4B90275}.Debug|Any CPU.ActiveCfg = Debug|Any CPU
		{E405E441-A544-4F1D-84B9-B76CC4B90275}.Debug|Any CPU.Build.0 = Debug|Any CPU
		{E405E441-A544-4F1D-84B9-B76CC4B90275}.Release|Any CPU.ActiveCfg = Release|Any CPU
		{E405E441-A544-4F1D-84B9-B76CC4B90275}.Release|Any CPU.Build.0 = Release|Any CPU
	EndGlobalSection
	GlobalSection(SolutionProperties) = preSolution
		HideSolutionNode = FALSE
	EndGlobalSection
EndGlobal
